// !$*UTF8*$!
{
	archiveVersion = 1;
	classes = {
	};
	objectVersion = 56;
	objects = {

/* Begin PBXBuildFile section */
		8FDA5E702DC864A30043E8AB /* AppDelegate.swift in Sources */ = {isa = PBXBuildFile; fileRef = 8FDA5E6F2DC864A30043E8AB /* AppDelegate.swift */; };
		8FDA5E722DC864A30043E8AB /* SceneDelegate.swift in Sources */ = {isa = PBXBuildFile; fileRef = 8FDA5E712DC864A30043E8AB /* SceneDelegate.swift */; };
		8FDA5E742DC864A30043E8AB /* ViewController.swift in Sources */ = {isa = PBXBuildFile; fileRef = 8FDA5E732DC864A30043E8AB /* ViewController.swift */; };
		8FDA5E772DC864A30043E8AB /* Base in Resources */ = {isa = PBXBuildFile; fileRef = 8FDA5E762DC864A30043E8AB /* Base */; };
		8FDA5E792DC864A60043E8AB /* Assets.xcassets in Resources */ = {isa = PBXBuildFile; fileRef = 8FDA5E782DC864A60043E8AB /* Assets.xcassets */; };
		8FDA5E7C2DC864A60043E8AB /* Base in Resources */ = {isa = PBXBuildFile; fileRef = 8FDA5E7B2DC864A60043E8AB /* Base */; };
		8FDA5E872DC864A60043E8AB /* IOS101_PreworkTests.swift in Sources */ = {isa = PBXBuildFile; fileRef = 8FDA5E862DC864A60043E8AB /* IOS101_PreworkTests.swift */; };
		8FDA5E912DC864A60043E8AB /* IOS101_PreworkUITests.swift in Sources */ = {isa = PBXBuildFile; fileRef = 8FDA5E902DC864A60043E8AB /* IOS101_PreworkUITests.swift */; };
		8FDA5E932DC864A60043E8AB /* IOS101_PreworkUITestsLaunchTests.swift in Sources */ = {isa = PBXBuildFile; fileRef = 8FDA5E922DC864A60043E8AB /* IOS101_PreworkUITestsLaunchTests.swift */; };
/* End PBXBuildFile section */

/* Begin PBXContainerItemProxy section */
		8FDA5E832DC864A60043E8AB /* PBXContainerItemProxy */ = {
			isa = PBXContainerItemProxy;
			containerPortal = 8FDA5E642DC864A30043E8AB /* Project object */;
			proxyType = 1;
			remoteGlobalIDString = 8FDA5E6B2DC864A30043E8AB;
			remoteInfo = "IOS101-Prework";
		};
		8FDA5E8D2DC864A60043E8AB /* PBXContainerItemProxy */ = {
			isa = PBXContainerItemProxy;
			containerPortal = 8FDA5E642DC864A30043E8AB /* Project object */;
			proxyType = 1;
			remoteGlobalIDString = 8FDA5E6B2DC864A30043E8AB;
			remoteInfo = "IOS101-Prework";
		};
/* End PBXContainerItemProxy section */

/* Begin PBXFileReference section */
		8FDA5E6C2DC864A30043E8AB /* IOS101-Prework.app */ = {isa = PBXFileReference; explicitFileType = wrapper.application; includeInIndex = 0; path = "IOS101-Prework.app"; sourceTree = BUILT_PRODUCTS_DIR; };
		8FDA5E6F2DC864A30043E8AB /* AppDelegate.swift */ = {isa = PBXFileReference; lastKnownFileType = sourcecode.swift; path = AppDelegate.swift; sourceTree = "<group>"; };
		8FDA5E712DC864A30043E8AB /* SceneDelegate.swift */ = {isa = PBXFileReference; lastKnownFileType = sourcecode.swift; path = SceneDelegate.swift; sourceTree = "<group>"; };
		8FDA5E732DC864A30043E8AB /* ViewController.swift */ = {isa = PBXFileReference; lastKnownFileType = sourcecode.swift; path = ViewController.swift; sourceTree = "<group>"; };
		8FDA5E762DC864A30043E8AB /* Base */ = {isa = PBXFileReference; lastKnownFileType = file.storyboard; name = Base; path = Base.lproj/Main.storyboard; sourceTree = "<group>"; };
		8FDA5E782DC864A60043E8AB /* Assets.xcassets */ = {isa = PBXFileReference; lastKnownFileType = folder.assetcatalog; path = Assets.xcassets; sourceTree = "<group>"; };
		8FDA5E7B2DC864A60043E8AB /* Base */ = {isa = PBXFileReference; lastKnownFileType = file.storyboard; name = Base; path = Base.lproj/LaunchScreen.storyboard; sourceTree = "<group>"; };
		8FDA5E7D2DC864A60043E8AB /* Info.plist */ = {isa = PBXFileReference; lastKnownFileType = text.plist.xml; path = Info.plist; sourceTree = "<group>"; };
		8FDA5E822DC864A60043E8AB /* IOS101-PreworkTests.xctest */ = {isa = PBXFileReference; explicitFileType = wrapper.cfbundle; includeInIndex = 0; path = "IOS101-PreworkTests.xctest"; sourceTree = BUILT_PRODUCTS_DIR; };
		8FDA5E862DC864A60043E8AB /* IOS101_PreworkTests.swift */ = {isa = PBXFileReference; lastKnownFileType = sourcecode.swift; path = IOS101_PreworkTests.swift; sourceTree = "<group>"; };
		8FDA5E8C2DC864A60043E8AB /* IOS101-PreworkUITests.xctest */ = {isa = PBXFileReference; explicitFileType = wrapper.cfbundle; includeInIndex = 0; path = "IOS101-PreworkUITests.xctest"; sourceTree = BUILT_PRODUCTS_DIR; };
		8FDA5E902DC864A60043E8AB /* IOS101_PreworkUITests.swift */ = {isa = PBXFileReference; lastKnownFileType = sourcecode.swift; path = IOS101_PreworkUITests.swift; sourceTree = "<group>"; };
		8FDA5E922DC864A60043E8AB /* IOS101_PreworkUITestsLaunchTests.swift */ = {isa = PBXFileReference; lastKnownFileType = sourcecode.swift; path = IOS101_PreworkUITestsLaunchTests.swift; sourceTree = "<group>"; };
/* End PBXFileReference section */

/* Begin PBXFrameworksBuildPhase section */
		8FDA5E692DC864A30043E8AB /* Frameworks */ = {
			isa = PBXFrameworksBuildPhase;
			buildActionMask = 2147483647;
			files = (
			);
			runOnlyForDeploymentPostprocessing = 0;
		};
		8FDA5E7F2DC864A60043E8AB /* Frameworks */ = {
			isa = PBXFrameworksBuildPhase;
			buildActionMask = 2147483647;
			files = (
			);
			runOnlyForDeploymentPostprocessing = 0;
		};
		8FDA5E892DC864A60043E8AB /* Frameworks */ = {
			isa = PBXFrameworksBuildPhase;
			buildActionMask = 2147483647;
			files = (
			);
			runOnlyForDeploymentPostprocessing = 0;
		};
/* End PBXFrameworksBuildPhase section */

/* Begin PBXGroup section */
		8FDA5E632DC864A30043E8AB = {
			isa = PBXGroup;
			children = (
				8FDA5E6E2DC864A30043E8AB /* IOS101-Prework */,
				8FDA5E852DC864A60043E8AB /* IOS101-PreworkTests */,
				8FDA5E8F2DC864A60043E8AB /* IOS101-PreworkUITests */,
				8FDA5E6D2DC864A30043E8AB /* Products */,
			);
			sourceTree = "<group>";
		};
		8FDA5E6D2DC864A30043E8AB /* Products */ = {
			isa = PBXGroup;
			children = (
				8FDA5E6C2DC864A30043E8AB /* IOS101-Prework.app */,
				8FDA5E822DC864A60043E8AB /* IOS101-PreworkTests.xctest */,
				8FDA5E8C2DC864A60043E8AB /* IOS101-PreworkUITests.xctest */,
			);
			name = Products;
			sourceTree = "<group>";
		};
		8FDA5E6E2DC864A30043E8AB /* IOS101-Prework */ = {
			isa = PBXGroup;
			children = (
				8FDA5E6F2DC864A30043E8AB /* AppDelegate.swift */,
				8FDA5E712DC864A30043E8AB /* SceneDelegate.swift */,
				8FDA5E732DC864A30043E8AB /* ViewController.swift */,
				8FDA5E752DC864A30043E8AB /* Main.storyboard */,
				8FDA5E782DC864A60043E8AB /* Assets.xcassets */,
				8FDA5E7A2DC864A60043E8AB /* LaunchScreen.storyboard */,
				8FDA5E7D2DC864A60043E8AB /* Info.plist */,
			);
			path = "IOS101-Prework";
			sourceTree = "<group>";
		};
		8FDA5E852DC864A60043E8AB /* IOS101-PreworkTests */ = {
			isa = PBXGroup;
			children = (
				8FDA5E862DC864A60043E8AB /* IOS101_PreworkTests.swift */,
			);
			path = "IOS101-PreworkTests";
			sourceTree = "<group>";
		};
		8FDA5E8F2DC864A60043E8AB /* IOS101-PreworkUITests */ = {
			isa = PBXGroup;
			children = (
				8FDA5E902DC864A60043E8AB /* IOS101_PreworkUITests.swift */,
				8FDA5E922DC864A60043E8AB /* IOS101_PreworkUITestsLaunchTests.swift */,
			);
			path = "IOS101-PreworkUITests";
			sourceTree = "<group>";
		};
/* End PBXGroup section */

/* Begin PBXNativeTarget section */
		8FDA5E6B2DC864A30043E8AB /* IOS101-Prework */ = {
			isa = PBXNativeTarget;
			buildConfigurationList = 8FDA5E962DC864A60043E8AB /* Build configuration list for PBXNativeTarget "IOS101-Prework" */;
			buildPhases = (
				8FDA5E682DC864A30043E8AB /* Sources */,
				8FDA5E692DC864A30043E8AB /* Frameworks */,
				8FDA5E6A2DC864A30043E8AB /* Resources */,
			);
			buildRules = (
			);
			dependencies = (
			);
			name = "IOS101-Prework";
			productName = "IOS101-Prework";
			productReference = 8FDA5E6C2DC864A30043E8AB /* IOS101-Prework.app */;
			productType = "com.apple.product-type.application";
		};
		8FDA5E812DC864A60043E8AB /* IOS101-PreworkTests */ = {
			isa = PBXNativeTarget;
			buildConfigurationList = 8FDA5E992DC864A60043E8AB /* Build configuration list for PBXNativeTarget "IOS101-PreworkTests" */;
			buildPhases = (
				8FDA5E7E2DC864A60043E8AB /* Sources */,
				8FDA5E7F2DC864A60043E8AB /* Frameworks */,
				8FDA5E802DC864A60043E8AB /* Resources */,
			);
			buildRules = (
			);
			dependencies = (
				8FDA5E842DC864A60043E8AB /* PBXTargetDependency */,
			);
			name = "IOS101-PreworkTests";
			productName = "IOS101-PreworkTests";
			productReference = 8FDA5E822DC864A60043E8AB /* IOS101-PreworkTests.xctest */;
			productType = "com.apple.product-type.bundle.unit-test";
		};
		8FDA5E8B2DC864A60043E8AB /* IOS101-PreworkUITests */ = {
			isa = PBXNativeTarget;
			buildConfigurationList = 8FDA5E9C2DC864A60043E8AB /* Build configuration list for PBXNativeTarget "IOS101-PreworkUITests" */;
			buildPhases = (
				8FDA5E882DC864A60043E8AB /* Sources */,
				8FDA5E892DC864A60043E8AB /* Frameworks */,
				8FDA5E8A2DC864A60043E8AB /* Resources */,
			);
			buildRules = (
			);
			dependencies = (
				8FDA5E8E2DC864A60043E8AB /* PBXTargetDependency */,
			);
			name = "IOS101-PreworkUITests";
			productName = "IOS101-PreworkUITests";
			productReference = 8FDA5E8C2DC864A60043E8AB /* IOS101-PreworkUITests.xctest */;
			productType = "com.apple.product-type.bundle.ui-testing";
		};
/* End PBXNativeTarget section */

/* Begin PBXProject section */
		8FDA5E642DC864A30043E8AB /* Project object */ = {
			isa = PBXProject;
			attributes = {
				BuildIndependentTargetsInParallel = 1;
				LastSwiftUpdateCheck = 1540;
				LastUpgradeCheck = 1540;
				TargetAttributes = {
					8FDA5E6B2DC864A30043E8AB = {
						CreatedOnToolsVersion = 15.4;
					};
					8FDA5E812DC864A60043E8AB = {
						CreatedOnToolsVersion = 15.4;
						TestTargetID = 8FDA5E6B2DC864A30043E8AB;
					};
					8FDA5E8B2DC864A60043E8AB = {
						CreatedOnToolsVersion = 15.4;
						TestTargetID = 8FDA5E6B2DC864A30043E8AB;
					};
				};
			};
			buildConfigurationList = 8FDA5E672DC864A30043E8AB /* Build configuration list for PBXProject "IOS101-Prework" */;
			compatibilityVersion = "Xcode 14.0";
			developmentRegion = en;
			hasScannedForEncodings = 0;
			knownRegions = (
				en,
				Base,
			);
			mainGroup = 8FDA5E632DC864A30043E8AB;
			productRefGroup = 8FDA5E6D2DC864A30043E8AB /* Products */;
			projectDirPath = "";
			projectRoot = "";
			targets = (
				8FDA5E6B2DC864A30043E8AB /* IOS101-Prework */,
				8FDA5E812DC864A60043E8AB /* IOS101-PreworkTests */,
				8FDA5E8B2DC864A60043E8AB /* IOS101-PreworkUITests */,
			);
		};
/* End PBXProject section */

/* Begin PBXResourcesBuildPhase section */
		8FDA5E6A2DC864A30043E8AB /* Resources */ = {
			isa = PBXResourcesBuildPhase;
			buildActionMask = 2147483647;
			files = (
				8FDA5E792DC864A60043E8AB /* Assets.xcassets in Resources */,
				8FDA5E7C2DC864A60043E8AB /* Base in Resources */,
				8FDA5E772DC864A30043E8AB /* Base in Resources */,
			);
			runOnlyForDeploymentPostprocessing = 0;
		};
		8FDA5E802DC864A60043E8AB /* Resources */ = {
			isa = PBXResourcesBuildPhase;
			buildActionMask = 2147483647;
			files = (
			);
			runOnlyForDeploymentPostprocessing = 0;
		};
		8FDA5E8A2DC864A60043E8AB /* Resources */ = {
			isa = PBXResourcesBuildPhase;
			buildActionMask = 2147483647;
			files = (
			);
			runOnlyForDeploymentPostprocessing = 0;
		};
/* End PBXResourcesBuildPhase section */

/* Begin PBXSourcesBuildPhase section */
		8FDA5E682DC864A30043E8AB /* Sources */ = {
			isa = PBXSourcesBuildPhase;
			buildActionMask = 2147483647;
			files = (
				8FDA5E742DC864A30043E8AB /* ViewController.swift in Sources */,
				8FDA5E702DC864A30043E8AB /* AppDelegate.swift in Sources */,
				8FDA5E722DC864A30043E8AB /* SceneDelegate.swift in Sources */,
			);
			runOnlyForDeploymentPostprocessing = 0;
		};
		8FDA5E7E2DC864A60043E8AB /* Sources */ = {
			isa = PBXSourcesBuildPhase;
			buildActionMask = 2147483647;
			files = (
				8FDA5E872DC864A60043E8AB /* IOS101_PreworkTests.swift in Sources */,
			);
			runOnlyForDeploymentPostprocessing = 0;
		};
		8FDA5E882DC864A60043E8AB /* Sources */ = {
			isa = PBXSourcesBuildPhase;
			buildActionMask = 2147483647;
			files = (
				8FDA5E932DC864A60043E8AB /* IOS101_PreworkUITestsLaunchTests.swift in Sources */,
				8FDA5E912DC864A60043E8AB /* IOS101_PreworkUITests.swift in Sources */,
			);
			runOnlyForDeploymentPostprocessing = 0;
		};
/* End PBXSourcesBuildPhase section */

/* Begin PBXTargetDependency section */
		8FDA5E842DC864A60043E8AB /* PBXTargetDependency */ = {
			isa = PBXTargetDependency;
			target = 8FDA5E6B2DC864A30043E8AB /* IOS101-Prework */;
			targetProxy = 8FDA5E832DC864A60043E8AB /* PBXContainerItemProxy */;
		};
		8FDA5E8E2DC864A60043E8AB /* PBXTargetDependency */ = {
			isa = PBXTargetDependency;
			target = 8FDA5E6B2DC864A30043E8AB /* IOS101-Prework */;
			targetProxy = 8FDA5E8D2DC864A60043E8AB /* PBXContainerItemProxy */;
		};
/* End PBXTargetDependency section */

/* Begin PBXVariantGroup section */
		8FDA5E752DC864A30043E8AB /* Main.storyboard */ = {
			isa = PBXVariantGroup;
			children = (
				8FDA5E762DC864A30043E8AB /* Base */,
			);
			name = Main.storyboard;
			sourceTree = "<group>";
		};
		8FDA5E7A2DC864A60043E8AB /* LaunchScreen.storyboard */ = {
			isa = PBXVariantGroup;
			children = (
				8FDA5E7B2DC864A60043E8AB /* Base */,
			);
			name = LaunchScreen.storyboard;
			sourceTree = "<group>";
		};
/* End PBXVariantGroup section */

/* Begin XCBuildConfiguration section */
		8FDA5E942DC864A60043E8AB /* Debug */ = {
			isa = XCBuildConfiguration;
			buildSettings = {
				ALWAYS_SEARCH_USER_PATHS = NO;
				ASSETCATALOG_COMPILER_GENERATE_SWIFT_ASSET_SYMBOL_EXTENSIONS = YES;
				CLANG_ANALYZER_NONNULL = YES;
				CLANG_ANALYZER_NUMBER_OBJECT_CONVERSION = YES_AGGRESSIVE;
				CLANG_CXX_LANGUAGE_STANDARD = "gnu++20";
				CLANG_ENABLE_MODULES = YES;
				CLANG_ENABLE_OBJC_ARC = YES;
				CLANG_ENABLE_OBJC_WEAK = YES;
				CLANG_WARN_BLOCK_CAPTURE_AUTORELEASING = YES;
				CLANG_WARN_BOOL_CONVERSION = YES;
				CLANG_WARN_COMMA = YES;
				CLANG_WARN_CONSTANT_CONVERSION = YES;
				CLANG_WARN_DEPRECATED_OBJC_IMPLEMENTATIONS = YES;
				CLANG_WARN_DIRECT_OBJC_ISA_USAGE = YES_ERROR;
				CLANG_WARN_DOCUMENTATION_COMMENTS = YES;
				CLANG_WARN_EMPTY_BODY = YES;
				CLANG_WARN_ENUM_CONVERSION = YES;
				CLANG_WARN_INFINITE_RECURSION = YES;
				CLANG_WARN_INT_CONVERSION = YES;
				CLANG_WARN_NON_LITERAL_NULL_CONVERSION = YES;
				CLANG_WARN_OBJC_IMPLICIT_RETAIN_SELF = YES;
				CLANG_WARN_OBJC_LITERAL_CONVERSION = YES;
				CLANG_WARN_OBJC_ROOT_CLASS = YES_ERROR;
				CLANG_WARN_QUOTED_INCLUDE_IN_FRAMEWORK_HEADER = YES;
				CLANG_WARN_RANGE_LOOP_ANALYSIS = YES;
				CLANG_WARN_STRICT_PROTOTYPES = YES;
				CLANG_WARN_SUSPICIOUS_MOVE = YES;
				CLANG_WARN_UNGUARDED_AVAILABILITY = YES_AGGRESSIVE;
				CLANG_WARN_UNREACHABLE_CODE = YES;
				CLANG_WARN__DUPLICATE_METHOD_MATCH = YES;
				COPY_PHASE_STRIP = NO;
				DEBUG_INFORMATION_FORMAT = dwarf;
				ENABLE_STRICT_OBJC_MSGSEND = YES;
				ENABLE_TESTABILITY = YES;
				ENABLE_USER_SCRIPT_SANDBOXING = YES;
				GCC_C_LANGUAGE_STANDARD = gnu17;
				GCC_DYNAMIC_NO_PIC = NO;
				GCC_NO_COMMON_BLOCKS = YES;
				GCC_OPTIMIZATION_LEVEL = 0;
				GCC_PREPROCESSOR_DEFINITIONS = (
					"DEBUG=1",
					"$(inherited)",
				);
				GCC_WARN_64_TO_32_BIT_CONVERSION = YES;
				GCC_WARN_ABOUT_RETURN_TYPE = YES_ERROR;
				GCC_WARN_UNDECLARED_SELECTOR = YES;
				GCC_WARN_UNINITIALIZED_AUTOS = YES_AGGRESSIVE;
				GCC_WARN_UNUSED_FUNCTION = YES;
				GCC_WARN_UNUSED_VARIABLE = YES;
				IPHONEOS_DEPLOYMENT_TARGET = 17.5;
				LOCALIZATION_PREFERS_STRING_CATALOGS = YES;
				MTL_ENABLE_DEBUG_INFO = INCLUDE_SOURCE;
				MTL_FAST_MATH = YES;
				ONLY_ACTIVE_ARCH = YES;
				SDKROOT = iphoneos;
				SWIFT_ACTIVE_COMPILATION_CONDITIONS = "DEBUG $(inherited)";
				SWIFT_OPTIMIZATION_LEVEL = "-Onone";
			};
			name = Debug;
		};
		8FDA5E952DC864A60043E8AB /* Release */ = {
			isa = XCBuildConfiguration;
			buildSettings = {
				ALWAYS_SEARCH_USER_PATHS = NO;
				ASSETCATALOG_COMPILER_GENERATE_SWIFT_ASSET_SYMBOL_EXTENSIONS = YES;
				CLANG_ANALYZER_NONNULL = YES;
				CLANG_ANALYZER_NUMBER_OBJECT_CONVERSION = YES_AGGRESSIVE;
				CLANG_CXX_LANGUAGE_STANDARD = "gnu++20";
				CLANG_ENABLE_MODULES = YES;
				CLANG_ENABLE_OBJC_ARC = YES;
				CLANG_ENABLE_OBJC_WEAK = YES;
				CLANG_WARN_BLOCK_CAPTURE_AUTORELEASING = YES;
				CLANG_WARN_BOOL_CONVERSION = YES;
				CLANG_WARN_COMMA = YES;
				CLANG_WARN_CONSTANT_CONVERSION = YES;
				CLANG_WARN_DEPRECATED_OBJC_IMPLEMENTATIONS = YES;
				CLANG_WARN_DIRECT_OBJC_ISA_USAGE = YES_ERROR;
				CLANG_WARN_DOCUMENTATION_COMMENTS = YES;
				CLANG_WARN_EMPTY_BODY = YES;
				CLANG_WARN_ENUM_CONVERSION = YES;
				CLANG_WARN_INFINITE_RECURSION = YES;
				CLANG_WARN_INT_CONVERSION = YES;
				CLANG_WARN_NON_LITERAL_NULL_CONVERSION = YES;
				CLANG_WARN_OBJC_IMPLICIT_RETAIN_SELF = YES;
				CLANG_WARN_OBJC_LITERAL_CONVERSION = YES;
				CLANG_WARN_OBJC_ROOT_CLASS = YES_ERROR;
				CLANG_WARN_QUOTED_INCLUDE_IN_FRAMEWORK_HEADER = YES;
				CLANG_WARN_RANGE_LOOP_ANALYSIS = YES;
				CLANG_WARN_STRICT_PROTOTYPES = YES;
				CLANG_WARN_SUSPICIOUS_MOVE = YES;
				CLANG_WARN_UNGUARDED_AVAILABILITY = YES_AGGRESSIVE;
				CLANG_WARN_UNREACHABLE_CODE = YES;
				CLANG_WARN__DUPLICATE_METHOD_MATCH = YES;
				COPY_PHASE_STRIP = NO;
				DEBUG_INFORMATION_FORMAT = "dwarf-with-dsym";
				ENABLE_NS_ASSERTIONS = NO;
				ENABLE_STRICT_OBJC_MSGSEND = YES;
				ENABLE_USER_SCRIPT_SANDBOXING = YES;
				GCC_C_LANGUAGE_STANDARD = gnu17;
				GCC_NO_COMMON_BLOCKS = YES;
				GCC_WARN_64_TO_32_BIT_CONVERSION = YES;
				GCC_WARN_ABOUT_RETURN_TYPE = YES_ERROR;
				GCC_WARN_UNDECLARED_SELECTOR = YES;
				GCC_WARN_UNINITIALIZED_AUTOS = YES_AGGRESSIVE;
				GCC_WARN_UNUSED_FUNCTION = YES;
				GCC_WARN_UNUSED_VARIABLE = YES;
				IPHONEOS_DEPLOYMENT_TARGET = 17.5;
				LOCALIZATION_PREFERS_STRING_CATALOGS = YES;
				MTL_ENABLE_DEBUG_INFO = NO;
				MTL_FAST_MATH = YES;
				SDKROOT = iphoneos;
				SWIFT_COMPILATION_MODE = wholemodule;
				VALIDATE_PRODUCT = YES;
			};
			name = Release;
		};
		8FDA5E972DC864A60043E8AB /* Debug */ = {
			isa = XCBuildConfiguration;
			buildSettings = {
				ASSETCATALOG_COMPILER_APPICON_NAME = AppIcon;
				ASSETCATALOG_COMPILER_GLOBAL_ACCENT_COLOR_NAME = AccentColor;
				CODE_SIGN_STYLE = Automatic;
				CURRENT_PROJECT_VERSION = 1;
				DEVELOPMENT_TEAM = 5P6D4FJY95;
				GENERATE_INFOPLIST_FILE = YES;
				INFOPLIST_FILE = "IOS101-Prework/Info.plist";
				INFOPLIST_KEY_UIApplicationSupportsIndirectInputEvents = YES;
				INFOPLIST_KEY_UILaunchStoryboardName = LaunchScreen;
				INFOPLIST_KEY_UIMainStoryboardFile = Main;
				INFOPLIST_KEY_UISupportedInterfaceOrientations_iPad = "UIInterfaceOrientationPortrait UIInterfaceOrientationPortraitUpsideDown UIInterfaceOrientationLandscapeLeft UIInterfaceOrientationLandscapeRight";
				INFOPLIST_KEY_UISupportedInterfaceOrientations_iPhone = "UIInterfaceOrientationPortrait UIInterfaceOrientationLandscapeLeft UIInterfaceOrientationLandscapeRight";
				LD_RUNPATH_SEARCH_PATHS = (
					"$(inherited)",
					"@executable_path/Frameworks",
				);
				MARKETING_VERSION = 1.0;
				PRODUCT_BUNDLE_IDENTIFIER = "FarihaKha.IOS101-Prework";
				PRODUCT_NAME = "$(TARGET_NAME)";
				SWIFT_EMIT_LOC_STRINGS = YES;
				SWIFT_VERSION = 5.0;
				TARGETED_DEVICE_FAMILY = "1,2";
			};
			name = Debug;
		};
		8FDA5E982DC864A60043E8AB /* Release */ = {
			isa = XCBuildConfiguration;
			buildSettings = {
				ASSETCATALOG_COMPILER_APPICON_NAME = AppIcon;
				ASSETCATALOG_COMPILER_GLOBAL_ACCENT_COLOR_NAME = AccentColor;
				CODE_SIGN_STYLE = Automatic;
				CURRENT_PROJECT_VERSION = 1;
				DEVELOPMENT_TEAM = 5P6D4FJY95;
				GENERATE_INFOPLIST_FILE = YES;
				INFOPLIST_FILE = "IOS101-Prework/Info.plist";
				INFOPLIST_KEY_UIApplicationSupportsIndirectInputEvents = YES;
				INFOPLIST_KEY_UILaunchStoryboardName = LaunchScreen;
				INFOPLIST_KEY_UIMainStoryboardFile = Main;
				INFOPLIST_KEY_UISupportedInterfaceOrientations_iPad = "UIInterfaceOrientationPortrait UIInterfaceOrientationPortraitUpsideDown UIInterfaceOrientationLandscapeLeft UIInterfaceOrientationLandscapeRight";
				INFOPLIST_KEY_UISupportedInterfaceOrientations_iPhone = "UIInterfaceOrientationPortrait UIInterfaceOrientationLandscapeLeft UIInterfaceOrientationLandscapeRight";
				LD_RUNPATH_SEARCH_PATHS = (
					"$(inherited)",
					"@executable_path/Frameworks",
				);
				MARKETING_VERSION = 1.0;
				PRODUCT_BUNDLE_IDENTIFIER = "FarihaKha.IOS101-Prework";
				PRODUCT_NAME = "$(TARGET_NAME)";
				SWIFT_EMIT_LOC_STRINGS = YES;
				SWIFT_VERSION = 5.0;
				TARGETED_DEVICE_FAMILY = "1,2";
			};
			name = Release;
		};
		8FDA5E9A2DC864A60043E8AB /* Debug */ = {
			isa = XCBuildConfiguration;
			buildSettings = {
				ALWAYS_EMBED_SWIFT_STANDARD_LIBRARIES = YES;
				BUNDLE_LOADER = "$(TEST_HOST)";
				CODE_SIGN_STYLE = Automatic;
				CURRENT_PROJECT_VERSION = 1;
				DEVELOPMENT_TEAM = 5P6D4FJY95;
				GENERATE_INFOPLIST_FILE = YES;
				IPHONEOS_DEPLOYMENT_TARGET = 17.5;
				MARKETING_VERSION = 1.0;
				PRODUCT_BUNDLE_IDENTIFIER = "FarihaKha.IOS101-PreworkTests";
				PRODUCT_NAME = "$(TARGET_NAME)";
				SWIFT_EMIT_LOC_STRINGS = NO;
				SWIFT_VERSION = 5.0;
				TARGETED_DEVICE_FAMILY = "1,2";
				TEST_HOST = "$(BUILT_PRODUCTS_DIR)/IOS101-Prework.app/$(BUNDLE_EXECUTABLE_FOLDER_PATH)/IOS101-Prework";
			};
			name = Debug;
		};
		8FDA5E9B2DC864A60043E8AB /* Release */ = {
			isa = XCBuildConfiguration;
			buildSettings = {
				ALWAYS_EMBED_SWIFT_STANDARD_LIBRARIES = YES;
				BUNDLE_LOADER = "$(TEST_HOST)";
				CODE_SIGN_STYLE = Automatic;
				CURRENT_PROJECT_VERSION = 1;
				DEVELOPMENT_TEAM = 5P6D4FJY95;
				GENERATE_INFOPLIST_FILE = YES;
				IPHONEOS_DEPLOYMENT_TARGET = 17.5;
				MARKETING_VERSION = 1.0;
				PRODUCT_BUNDLE_IDENTIFIER = "FarihaKha.IOS101-PreworkTests";
				PRODUCT_NAME = "$(TARGET_NAME)";
				SWIFT_EMIT_LOC_STRINGS = NO;
				SWIFT_VERSION = 5.0;
				TARGETED_DEVICE_FAMILY = "1,2";
				TEST_HOST = "$(BUILT_PRODUCTS_DIR)/IOS101-Prework.app/$(BUNDLE_EXECUTABLE_FOLDER_PATH)/IOS101-Prework";
			};
			name = Release;
		};
		8FDA5E9D2DC864A60043E8AB /* Debug */ = {
			isa = XCBuildConfiguration;
			buildSettings = {
				ALWAYS_EMBED_SWIFT_STANDARD_LIBRARIES = YES;
				CODE_SIGN_STYLE = Automatic;
				CURRENT_PROJECT_VERSION = 1;
				DEVELOPMENT_TEAM = 5P6D4FJY95;
				GENERATE_INFOPLIST_FILE = YES;
				MARKETING_VERSION = 1.0;
				PRODUCT_BUNDLE_IDENTIFIER = "FarihaKha.IOS101-PreworkUITests";
				PRODUCT_NAME = "$(TARGET_NAME)";
				SWIFT_EMIT_LOC_STRINGS = NO;
				SWIFT_VERSION = 5.0;
				TARGETED_DEVICE_FAMILY = "1,2";
				TEST_TARGET_NAME = "IOS101-Prework";
			};
			name = Debug;
		};
		8FDA5E9E2DC864A60043E8AB /* Release */ = {
			isa = XCBuildConfiguration;
			buildSettings = {
				ALWAYS_EMBED_SWIFT_STANDARD_LIBRARIES = YES;
				CODE_SIGN_STYLE = Automatic;
				CURRENT_PROJECT_VERSION = 1;
				DEVELOPMENT_TEAM = 5P6D4FJY95;
				GENERATE_INFOPLIST_FILE = YES;
				MARKETING_VERSION = 1.0;
				PRODUCT_BUNDLE_IDENTIFIER = "FarihaKha.IOS101-PreworkUITests";
				PRODUCT_NAME = "$(TARGET_NAME)";
				SWIFT_EMIT_LOC_STRINGS = NO;
				SWIFT_VERSION = 5.0;
				TARGETED_DEVICE_FAMILY = "1,2";
				TEST_TARGET_NAME = "IOS101-Prework";
			};
			name = Release;
		};
/* End XCBuildConfiguration section */

/* Begin XCConfigurationList section */
		8FDA5E672DC864A30043E8AB /* Build configuration list for PBXProject "IOS101-Prework" */ = {
			isa = XCConfigurationList;
			buildConfigurations = (
				8FDA5E942DC864A60043E8AB /* Debug */,
				8FDA5E952DC864A60043E8AB /* Release */,
			);
			defaultConfigurationIsVisible = 0;
			defaultConfigurationName = Release;
		};
		8FDA5E962DC864A60043E8AB /* Build configuration list for PBXNativeTarget "IOS101-Prework" */ = {
			isa = XCConfigurationList;
			buildConfigurations = (
				8FDA5E972DC864A60043E8AB /* Debug */,
				8FDA5E982DC864A60043E8AB /* Release */,
			);
			defaultConfigurationIsVisible = 0;
			defaultConfigurationName = Release;
		};
		8FDA5E992DC864A60043E8AB /* Build configuration list for PBXNativeTarget "IOS101-PreworkTests" */ = {
			isa = XCConfigurationList;
			buildConfigurations = (
				8FDA5E9A2DC864A60043E8AB /* Debug */,
				8FDA5E9B2DC864A60043E8AB /* Release */,
			);
			defaultConfigurationIsVisible = 0;
			defaultConfigurationName = Release;
		};
		8FDA5E9C2DC864A60043E8AB /* Build configuration list for PBXNativeTarget "IOS101-PreworkUITests" */ = {
			isa = XCConfigurationList;
			buildConfigurations = (
				8FDA5E9D2DC864A60043E8AB /* Debug */,
				8FDA5E9E2DC864A60043E8AB /* Release */,
			);
			defaultConfigurationIsVisible = 0;
			defaultConfigurationName = Release;
		};
/* End XCConfigurationList section */
	};
	rootObject = 8FDA5E642DC864A30043E8AB /* Project object */;
}
